
Microsoft Visual Studio Solution File, Format Version 12.00
# Visual Studio 15
VisualStudioVersion = 15.0.27703.2042
MinimumVisualStudioVersion = 10.0.40219.1
Project("{9A19103F-16F7-4668-BE54-9A1E7A4F7556}") = "CohesionCouplingExample", "CohesionCouplingExample\CohesionCouplingExample.csproj", "{5E96ACA7-614B-4AA7-B163-C96A0AD64842}"
EndProject
Project("{9A19103F-16F7-4668-BE54-9A1E7A4F7556}") = "LowCohesionLowCoupling", "LowCohesionLowCoupling\LowCohesionLowCoupling.csproj", "{2EF5F70B-A58D-4376-B9B7-28A837CC84DB}"
EndProject
Project("{9A19103F-16F7-4668-BE54-9A1E7A4F7556}") = "HighCohesionHighCoupling", "HighCohesionHighCoupling\HighCohesionHighCoupling.csproj", "{5C3EE33E-DFD7-4B83-8647-1E97EBB1BDC8}"
EndProject
Project("{2150E333-8FDC-42A3-9474-1A3956D46DE8}") = "CohesionAndCoupling", "CohesionAndCoupling", "{486CAC63-637B-4F6C-A133-BAF270C49E9C}"
EndProject
Project("{2150E333-8FDC-42A3-9474-1A3956D46DE8}") = "SRP", "SRP", "{C139E777-7715-4E63-A46E-41C526A91145}"
EndProject
Project("{9A19103F-16F7-4668-BE54-9A1E7A4F7556}") = "EcommerceProjectBefore", "SRP Before\EcommerceProjectBefore.csproj", "{C981F7DA-1E59-4C9D-A306-3FCB686CD484}"
EndProject
Project("{2150E333-8FDC-42A3-9474-1A3956D46DE8}") = "Service Locator", "Service Locator", "{EFCF41DA-32CE-4EC5-A812-7016CC998E32}"
EndProject
Project("{FAE04EC0-301F-11D3-BF4B-00C04F79EFBC}") = "ServiceLocatorPattern", "ServiceLocatorPattern\ServiceLocatorPattern.csproj", "{6E6DEE28-9744-4722-B0F6-C12012717302}"
EndProject
Project("{FAE04EC0-301F-11D3-BF4B-00C04F79EFBC}") = "ServiceLocatorTwo", "ServiceLocatorTwo\ServiceLocatorTwo.csproj", "{1CCB4017-254E-4CBB-8CCE-72155A7FE1D8}"
EndProject
Global
	GlobalSection(SolutionConfigurationPlatforms) = preSolution
		Debug|Any CPU = Debug|Any CPU
		Release|Any CPU = Release|Any CPU
	EndGlobalSection
	GlobalSection(ProjectConfigurationPlatforms) = postSolution
		{5E96ACA7-614B-4AA7-B163-C96A0AD64842}.Debug|Any CPU.ActiveCfg = Debug|Any CPU
		{5E96ACA7-614B-4AA7-B163-C96A0AD64842}.Debug|Any CPU.Build.0 = Debug|Any CPU
		{5E96ACA7-614B-4AA7-B163-C96A0AD64842}.Release|Any CPU.ActiveCfg = Release|Any CPU
		{5E96ACA7-614B-4AA7-B163-C96A0AD64842}.Release|Any CPU.Build.0 = Release|Any CPU
		{2EF5F70B-A58D-4376-B9B7-28A837CC84DB}.Debug|Any CPU.ActiveCfg = Debug|Any CPU
		{2EF5F70B-A58D-4376-B9B7-28A837CC84DB}.Debug|Any CPU.Build.0 = Debug|Any CPU
		{2EF5F70B-A58D-4376-B9B7-28A837CC84DB}.Release|Any CPU.ActiveCfg = Release|Any CPU
		{2EF5F70B-A58D-4376-B9B7-28A837CC84DB}.Release|Any CPU.Build.0 = Release|Any CPU
		{5C3EE33E-DFD7-4B83-8647-1E97EBB1BDC8}.Debug|Any CPU.ActiveCfg = Debug|Any CPU
		{5C3EE33E-DFD7-4B83-8647-1E97EBB1BDC8}.Debug|Any CPU.Build.0 = Debug|Any CPU
		{5C3EE33E-DFD7-4B83-8647-1E97EBB1BDC8}.Release|Any CPU.ActiveCfg = Release|Any CPU
		{5C3EE33E-DFD7-4B83-8647-1E97EBB1BDC8}.Release|Any CPU.Build.0 = Release|Any CPU
		{C981F7DA-1E59-4C9D-A306-3FCB686CD484}.Debug|Any CPU.ActiveCfg = Debug|Any CPU
		{C981F7DA-1E59-4C9D-A306-3FCB686CD484}.Debug|Any CPU.Build.0 = Debug|Any CPU
		{C981F7DA-1E59-4C9D-A306-3FCB686CD484}.Release|Any CPU.ActiveCfg = Release|Any CPU
		{C981F7DA-1E59-4C9D-A306-3FCB686CD484}.Release|Any CPU.Build.0 = Release|Any CPU
		{6E6DEE28-9744-4722-B0F6-C12012717302}.Debug|Any CPU.ActiveCfg = Debug|Any CPU
		{6E6DEE28-9744-4722-B0F6-C12012717302}.Debug|Any CPU.Build.0 = Debug|Any CPU
		{6E6DEE28-9744-4722-B0F6-C12012717302}.Release|Any CPU.ActiveCfg = Release|Any CPU
		{6E6DEE28-9744-4722-B0F6-C12012717302}.Release|Any CPU.Build.0 = Release|Any CPU
		{1CCB4017-254E-4CBB-8CCE-72155A7FE1D8}.Debug|Any CPU.ActiveCfg = Debug|Any CPU
		{1CCB4017-254E-4CBB-8CCE-72155A7FE1D8}.Debug|Any CPU.Build.0 = Debug|Any CPU
		{1CCB4017-254E-4CBB-8CCE-72155A7FE1D8}.Release|Any CPU.ActiveCfg = Release|Any CPU
		{1CCB4017-254E-4CBB-8CCE-72155A7FE1D8}.Release|Any CPU.Build.0 = Release|Any CPU
	EndGlobalSection
	GlobalSection(SolutionProperties) = preSolution
		HideSolutionNode = FALSE
	EndGlobalSection
	GlobalSection(NestedProjects) = preSolution
		{5E96ACA7-614B-4AA7-B163-C96A0AD64842} = {486CAC63-637B-4F6C-A133-BAF270C49E9C}
		{2EF5F70B-A58D-4376-B9B7-28A837CC84DB} = {486CAC63-637B-4F6C-A133-BAF270C49E9C}
		{5C3EE33E-DFD7-4B83-8647-1E97EBB1BDC8} = {486CAC63-637B-4F6C-A133-BAF270C49E9C}
		{C981F7DA-1E59-4C9D-A306-3FCB686CD484} = {C139E777-7715-4E63-A46E-41C526A91145}
		{6E6DEE28-9744-4722-B0F6-C12012717302} = {EFCF41DA-32CE-4EC5-A812-7016CC998E32}
		{1CCB4017-254E-4CBB-8CCE-72155A7FE1D8} = {EFCF41DA-32CE-4EC5-A812-7016CC998E32}
	EndGlobalSection
	GlobalSection(ExtensibilityGlobals) = postSolution
		SolutionGuid = {A52299F4-2C39-47E5-AD97-C459A77F42A6}
	EndGlobalSection
EndGlobal
